// !$*UTF8*$!
{
	archiveVersion = 1;
	classes = {
	};
	objectVersion = 46;
	objects = {

/* Begin PBXBuildFile section */
		2F390522198EAFFE00FA3F49 /* libGPUImage.a in Frameworks */ = {isa = PBXBuildFile; fileRef = 2F39051D198EAFEB00FA3F49 /* libGPUImage.a */; };
		2F390526198EC31700FA3F49 /* upload-background2.png in Resources */ = {isa = PBXBuildFile; fileRef = 2F390525198EC31700FA3F49 /* upload-background2.png */; };
		2F390528198EC48500FA3F49 /* original.jpg in Resources */ = {isa = PBXBuildFile; fileRef = 2F390527198EC48500FA3F49 /* original.jpg */; };
		2F9A76001984F41900AABFD9 /* ImageProcessingCore.m in Sources */ = {isa = PBXBuildFile; fileRef = 2F9A75FF1984F41900AABFD9 /* ImageProcessingCore.m */; };
		2F9A76021984F45400AABFD9 /* Main.storyboard in Resources */ = {isa = PBXBuildFile; fileRef = 2F9A76011984F45400AABFD9 /* Main.storyboard */; };
		66032939198B79A300CDB6BE /* SDWebImage.framework in Frameworks */ = {isa = PBXBuildFile; fileRef = 66032938198B79A300CDB6BE /* SDWebImage.framework */; };
		660329C3198B8F6900CDB6BE /* btnFacebook.png in Resources */ = {isa = PBXBuildFile; fileRef = 660329AE198B8F6900CDB6BE /* btnFacebook.png */; };
		660329C4198B8F6900CDB6BE /* btnLTTTeam8.png in Resources */ = {isa = PBXBuildFile; fileRef = 660329AF198B8F6900CDB6BE /* btnLTTTeam8.png */; };
		660329C5198B8F6900CDB6BE /* btnTwitter.png in Resources */ = {isa = PBXBuildFile; fileRef = 660329B0198B8F6900CDB6BE /* btnTwitter.png */; };
		660329C6198B8F6900CDB6BE /* btnWeibo.png in Resources */ = {isa = PBXBuildFile; fileRef = 660329B1198B8F6900CDB6BE /* btnWeibo.png */; };
		660329C7198B8F6900CDB6BE /* button_reload.png in Resources */ = {isa = PBXBuildFile; fileRef = 660329B2198B8F6900CDB6BE /* button_reload.png */; };
		660329C8198B8F6900CDB6BE /* chn_weibo.png in Resources */ = {isa = PBXBuildFile; fileRef = 660329B3198B8F6900CDB6BE /* chn_weibo.png */; };
		660329C9198B8F6900CDB6BE /* crop.png in Resources */ = {isa = PBXBuildFile; fileRef = 660329B4198B8F6900CDB6BE /* crop.png */; };
		660329CA198B8F6900CDB6BE /* edit_image.png in Resources */ = {isa = PBXBuildFile; fileRef = 660329B5198B8F6900CDB6BE /* edit_image.png */; };
		660329CB198B8F6900CDB6BE /* facebook.png in Resources */ = {isa = PBXBuildFile; fileRef = 660329B6198B8F6900CDB6BE /* facebook.png */; };
		660329CC198B8F6900CDB6BE /* folder_pictures.png in Resources */ = {isa = PBXBuildFile; fileRef = 660329B7198B8F6900CDB6BE /* folder_pictures.png */; };
		660329CD198B8F6900CDB6BE /* group.png in Resources */ = {isa = PBXBuildFile; fileRef = 660329B8198B8F6900CDB6BE /* group.png */; };
		660329CF198B8F6900CDB6BE /* home.png in Resources */ = {isa = PBXBuildFile; fileRef = 660329BA198B8F6900CDB6BE /* home.png */; };
		660329D0198B8F6900CDB6BE /* image.png in Resources */ = {isa = PBXBuildFile; fileRef = 660329BB198B8F6900CDB6BE /* image.png */; };
		660329D1198B8F6900CDB6BE /* mobile_home.png in Resources */ = {isa = PBXBuildFile; fileRef = 660329BC198B8F6900CDB6BE /* mobile_home.png */; };
		660329D2198B8F6900CDB6BE /* notification_done.png in Resources */ = {isa = PBXBuildFile; fileRef = 660329BD198B8F6900CDB6BE /* notification_done.png */; };
		660329D3198B8F6900CDB6BE /* picture.png in Resources */ = {isa = PBXBuildFile; fileRef = 660329BE198B8F6900CDB6BE /* picture.png */; };
		660329D4198B8F6900CDB6BE /* pictures.png in Resources */ = {isa = PBXBuildFile; fileRef = 660329BF198B8F6900CDB6BE /* pictures.png */; };
		660329D5198B8F6900CDB6BE /* pictures_alt.png in Resources */ = {isa = PBXBuildFile; fileRef = 660329C0198B8F6900CDB6BE /* pictures_alt.png */; };
		660329D6198B8F6900CDB6BE /* save.png in Resources */ = {isa = PBXBuildFile; fileRef = 660329C1198B8F6900CDB6BE /* save.png */; };
		660329D7198B8F6900CDB6BE /* twitter.png in Resources */ = {isa = PBXBuildFile; fileRef = 660329C2198B8F6900CDB6BE /* twitter.png */; };
		660329D9198B927300CDB6BE /* btnSave.png in Resources */ = {isa = PBXBuildFile; fileRef = 660329D8198B927300CDB6BE /* btnSave.png */; };
		660329DB198B950D00CDB6BE /* home1.png in Resources */ = {isa = PBXBuildFile; fileRef = 660329DA198B950D00CDB6BE /* home1.png */; };
		660329DF198B992D00CDB6BE /* back.png in Resources */ = {isa = PBXBuildFile; fileRef = 660329DE198B992D00CDB6BE /* back.png */; };
		660329E1198BA0FB00CDB6BE /* trash_empty.png in Resources */ = {isa = PBXBuildFile; fileRef = 660329E0198BA0FB00CDB6BE /* trash_empty.png */; };
		660329E3198BA86000CDB6BE /* bound.png in Resources */ = {isa = PBXBuildFile; fileRef = 660329E2198BA86000CDB6BE /* bound.png */; };
		6604A05E199201B8004249CD /* camera.png in Resources */ = {isa = PBXBuildFile; fileRef = 6604A05C199201B8004249CD /* camera.png */; };
		6604A05F199201B8004249CD /* handle.png in Resources */ = {isa = PBXBuildFile; fileRef = 6604A05D199201B8004249CD /* handle.png */; };
		66078CC5197DCDF30010F575 /* CoreImage.framework in Frameworks */ = {isa = PBXBuildFile; fileRef = 66078CC4197DCDF30010F575 /* CoreImage.framework */; };
		66078CC7197DCE180010F575 /* AssetsLibrary.framework in Frameworks */ = {isa = PBXBuildFile; fileRef = 66078CC6197DCE180010F575 /* AssetsLibrary.framework */; };
		66078CCE197DCFE70010F575 /* testViewController.m in Sources */ = {isa = PBXBuildFile; fileRef = 66078CCD197DCFE70010F575 /* testViewController.m */; };
		66078CD0197DCFF80010F575 /* UIImage+Scale.m in Sources */ = {isa = PBXBuildFile; fileRef = 66078CCF197DCFF80010F575 /* UIImage+Scale.m */; };
		66078CD3197DD0050010F575 /* UIImage+FiltrrCompositions.m in Sources */ = {isa = PBXBuildFile; fileRef = 66078CD2197DD0050010F575 /* UIImage+FiltrrCompositions.m */; };
		66078CD6197DD00F0010F575 /* UIImage+Filtrr.m in Sources */ = {isa = PBXBuildFile; fileRef = 66078CD5197DD00F0010F575 /* UIImage+Filtrr.m */; };
		66078CE3197DD7510010F575 /* e1.png in Resources */ = {isa = PBXBuildFile; fileRef = 66078CD8197DD7510010F575 /* e1.png */; };
		66078CE4197DD7510010F575 /* e2.png in Resources */ = {isa = PBXBuildFile; fileRef = 66078CD9197DD7510010F575 /* e2.png */; };
		66078CE5197DD7510010F575 /* e3.png in Resources */ = {isa = PBXBuildFile; fileRef = 66078CDA197DD7510010F575 /* e3.png */; };
		66078CE6197DD7510010F575 /* e4.png in Resources */ = {isa = PBXBuildFile; fileRef = 66078CDB197DD7510010F575 /* e4.png */; };
		66078CE7197DD7510010F575 /* e5.png in Resources */ = {isa = PBXBuildFile; fileRef = 66078CDC197DD7510010F575 /* e5.png */; };
		66078CE8197DD7510010F575 /* e6.png in Resources */ = {isa = PBXBuildFile; fileRef = 66078CDD197DD7510010F575 /* e6.png */; };
		66078CE9197DD7510010F575 /* e7.png in Resources */ = {isa = PBXBuildFile; fileRef = 66078CDE197DD7510010F575 /* e7.png */; };
		66078CEA197DD7510010F575 /* e8.png in Resources */ = {isa = PBXBuildFile; fileRef = 66078CDF197DD7510010F575 /* e8.png */; };
		66078CEB197DD7510010F575 /* e9.png in Resources */ = {isa = PBXBuildFile; fileRef = 66078CE0197DD7510010F575 /* e9.png */; };
		66078CEC197DD7510010F575 /* e10.png in Resources */ = {isa = PBXBuildFile; fileRef = 66078CE1197DD7510010F575 /* e10.png */; };
		66078CED197DD7510010F575 /* e11.png in Resources */ = {isa = PBXBuildFile; fileRef = 66078CE2197DD7510010F575 /* e11.png */; };
		662400D7198BEA980095AE65 /* edit-enhancetool@2x.png in Resources */ = {isa = PBXBuildFile; fileRef = 662400D2198BEA980095AE65 /* edit-enhancetool@2x.png */; };
		662400D8198BEA980095AE65 /* edit-filtertool@2x.png in Resources */ = {isa = PBXBuildFile; fileRef = 662400D3198BEA980095AE65 /* edit-filtertool@2x.png */; };
		662400D9198BEA980095AE65 /* edit-luxtool@2x.png in Resources */ = {isa = PBXBuildFile; fileRef = 662400D4198BEA980095AE65 /* edit-luxtool@2x.png */; };
		662400DA198BEA980095AE65 /* enhancetoolactive@2x.png in Resources */ = {isa = PBXBuildFile; fileRef = 662400D5198BEA980095AE65 /* enhancetoolactive@2x.png */; };
		662400DB198BEA980095AE65 /* filtertoolactive@2x.png in Resources */ = {isa = PBXBuildFile; fileRef = 662400D6198BEA980095AE65 /* filtertoolactive@2x.png */; };
		662400E3198BEAF20095AE65 /* brightnesstool@2x.png in Resources */ = {isa = PBXBuildFile; fileRef = 662400DC198BEAF20095AE65 /* brightnesstool@2x.png */; };
		662400E4198BEAF20095AE65 /* contrasttool@2x.png in Resources */ = {isa = PBXBuildFile; fileRef = 662400DD198BEAF20095AE65 /* contrasttool@2x.png */; };
		662400E5198BEAF20095AE65 /* highlightstool@2x.png in Resources */ = {isa = PBXBuildFile; fileRef = 662400DE198BEAF20095AE65 /* highlightstool@2x.png */; };
		662400E6198BEAF20095AE65 /* luxtool@2x.png in Resources */ = {isa = PBXBuildFile; fileRef = 662400DF198BEAF20095AE65 /* luxtool@2x.png */; };
		662400E7198BEAF20095AE65 /* saturationtool@2x.png in Resources */ = {isa = PBXBuildFile; fileRef = 662400E0198BEAF20095AE65 /* saturationtool@2x.png */; };
		662400E8198BEAF20095AE65 /* shadowstool@2x.png in Resources */ = {isa = PBXBuildFile; fileRef = 662400E1198BEAF20095AE65 /* shadowstool@2x.png */; };
		662400E9198BEAF20095AE65 /* sharpentool@2x.png in Resources */ = {isa = PBXBuildFile; fileRef = 662400E2198BEAF20095AE65 /* sharpentool@2x.png */; };
		66442F2E198BD22800AB38C5 /* default.png in Resources */ = {isa = PBXBuildFile; fileRef = 66442F2D198BD22800AB38C5 /* default.png */; };
		6646F095197AD70000A95CDC /* Social.framework in Frameworks */ = {isa = PBXBuildFile; fileRef = 6646F094197AD70000A95CDC /* Social.framework */; };
		66A11AE8198C14D2007DE31B /* ShareViewController.m in Sources */ = {isa = PBXBuildFile; fileRef = 66A11AE7198C14D2007DE31B /* ShareViewController.m */; };
		66A11AED198C152F007DE31B /* SSTextView.m in Sources */ = {isa = PBXBuildFile; fileRef = 66A11AEC198C152F007DE31B /* SSTextView.m */; };
		66AEADAD1976D0B700BC34AA /* Foundation.framework in Frameworks */ = {isa = PBXBuildFile; fileRef = 66AEADAC1976D0B700BC34AA /* Foundation.framework */; };
		66AEADAF1976D0B700BC34AA /* CoreGraphics.framework in Frameworks */ = {isa = PBXBuildFile; fileRef = 66AEADAE1976D0B700BC34AA /* CoreGraphics.framework */; };
		66AEADB11976D0B700BC34AA /* UIKit.framework in Frameworks */ = {isa = PBXBuildFile; fileRef = 66AEADB01976D0B700BC34AA /* UIKit.framework */; };
		66AEADB71976D0B700BC34AA /* InfoPlist.strings in Resources */ = {isa = PBXBuildFile; fileRef = 66AEADB51976D0B700BC34AA /* InfoPlist.strings */; };
		66AEADB91976D0B700BC34AA /* main.m in Sources */ = {isa = PBXBuildFile; fileRef = 66AEADB81976D0B700BC34AA /* main.m */; };
		66AEADBD1976D0B700BC34AA /* AppDelegate.m in Sources */ = {isa = PBXBuildFile; fileRef = 66AEADBC1976D0B700BC34AA /* AppDelegate.m */; };
		66AEADC31976D0B800BC34AA /* ViewController.m in Sources */ = {isa = PBXBuildFile; fileRef = 66AEADC21976D0B800BC34AA /* ViewController.m */; };
		66AEADC51976D0B800BC34AA /* Images.xcassets in Resources */ = {isa = PBXBuildFile; fileRef = 66AEADC41976D0B800BC34AA /* Images.xcassets */; };
		66AEADCC1976D0B900BC34AA /* XCTest.framework in Frameworks */ = {isa = PBXBuildFile; fileRef = 66AEADCB1976D0B900BC34AA /* XCTest.framework */; };
		66AEADCD1976D0B900BC34AA /* Foundation.framework in Frameworks */ = {isa = PBXBuildFile; fileRef = 66AEADAC1976D0B700BC34AA /* Foundation.framework */; };
		66AEADCE1976D0B900BC34AA /* UIKit.framework in Frameworks */ = {isa = PBXBuildFile; fileRef = 66AEADB01976D0B700BC34AA /* UIKit.framework */; };
		66AEADD61976D0B900BC34AA /* InfoPlist.strings in Resources */ = {isa = PBXBuildFile; fileRef = 66AEADD41976D0B900BC34AA /* InfoPlist.strings */; };
		66AEADD81976D0B900BC34AA /* ThucTap_INSTAGRAMTests.m in Sources */ = {isa = PBXBuildFile; fileRef = 66AEADD71976D0B900BC34AA /* ThucTap_INSTAGRAMTests.m */; };
		66AEADE41976D3FA00BC34AA /* resizeImage.m in Sources */ = {isa = PBXBuildFile; fileRef = 66AEADE31976D3FA00BC34AA /* resizeImage.m */; };
		66B927911980B7FA00BA0D5D /* UIImage+Extra.m in Sources */ = {isa = PBXBuildFile; fileRef = 66B927901980B7FA00BA0D5D /* UIImage+Extra.m */; };
		66DC7BFC1980A0560065AD27 /* PDLAppDelegate.m in Sources */ = {isa = PBXBuildFile; fileRef = 66DC7BF31980A0560065AD27 /* PDLAppDelegate.m */; };
		66DC7C041980A2A70065AD27 /* placeholder.png in Resources */ = {isa = PBXBuildFile; fileRef = 66DC7C031980A2A70065AD27 /* placeholder.png */; };
		66DC7C061980AADF0065AD27 /* ImageIO.framework in Frameworks */ = {isa = PBXBuildFile; fileRef = 66DC7C051980AADF0065AD27 /* ImageIO.framework */; };
		66F29A96197E33AA006FA8C5 /* images.jpeg in Resources */ = {isa = PBXBuildFile; fileRef = 66F29A8F197E33AA006FA8C5 /* images.jpeg */; };
		C0CC318919889B4300242850 /* PDLViewController.m in Sources */ = {isa = PBXBuildFile; fileRef = C0CC318819889B4300242850 /* PDLViewController.m */; };
		C0CC318C19889B8200242850 /* PDLCustomCell.m in Sources */ = {isa = PBXBuildFile; fileRef = C0CC318B19889B8200242850 /* PDLCustomCell.m */; };
		C0CC319019889BC800242850 /* PDLCustomCell.xib in Resources */ = {isa = PBXBuildFile; fileRef = C0CC318D19889BC800242850 /* PDLCustomCell.xib */; };
		C0CC319119889BC800242850 /* PDLPhotos.m in Sources */ = {isa = PBXBuildFile; fileRef = C0CC318F19889BC800242850 /* PDLPhotos.m */; };
		C0CC319719889C1500242850 /* PDLProcessConnection.m in Sources */ = {isa = PBXBuildFile; fileRef = C0CC319619889C1500242850 /* PDLProcessConnection.m */; };
/* End PBXBuildFile section */

/* Begin PBXContainerItemProxy section */
		2F39051C198EAFEB00FA3F49 /* PBXContainerItemProxy */ = {
			isa = PBXContainerItemProxy;
			containerPortal = 2F390516198EAFEA00FA3F49 /* GPUImage.xcodeproj */;
			proxyType = 2;
			remoteGlobalIDString = BCF1A33414DDB1EC00852800;
			remoteInfo = GPUImage;
		};
		2F39051E198EAFEB00FA3F49 /* PBXContainerItemProxy */ = {
			isa = PBXContainerItemProxy;
			containerPortal = 2F390516198EAFEA00FA3F49 /* GPUImage.xcodeproj */;
			proxyType = 2;
			remoteGlobalIDString = BCE209E51943F20C002FEED8;
			remoteInfo = GPUImageFramework;
		};
		2F390520198EAFF400FA3F49 /* PBXContainerItemProxy */ = {
			isa = PBXContainerItemProxy;
			containerPortal = 2F390516198EAFEA00FA3F49 /* GPUImage.xcodeproj */;
			proxyType = 1;
			remoteGlobalIDString = BCF1A33314DDB1EC00852800;
			remoteInfo = GPUImage;
		};
		66AEADCF1976D0B900BC34AA /* PBXContainerItemProxy */ = {
			isa = PBXContainerItemProxy;
			containerPortal = 66AEADA11976D0B700BC34AA /* Project object */;
			proxyType = 1;
			remoteGlobalIDString = 66AEADA81976D0B700BC34AA;
			remoteInfo = BTCropAndResizeImage;
		};
/* End PBXContainerItemProxy section */

/* Begin PBXFileReference section */
		2F390516198EAFEA00FA3F49 /* GPUImage.xcodeproj */ = {isa = PBXFileReference; lastKnownFileType = "wrapper.pb-project"; name = GPUImage.xcodeproj; path = "GPUImage-master/framework/GPUImage.xcodeproj"; sourceTree = "<group>"; };
		2F390525198EC31700FA3F49 /* upload-background2.png */ = {isa = PBXFileReference; lastKnownFileType = image.png; path = "upload-background2.png"; sourceTree = "<group>"; };
		2F390527198EC48500FA3F49 /* original.jpg */ = {isa = PBXFileReference; lastKnownFileType = image.jpeg; path = original.jpg; sourceTree = "<group>"; };
		2F9A75FE1984F41900AABFD9 /* ImageProcessingCore.h */ = {isa = PBXFileReference; fileEncoding = 4; lastKnownFileType = sourcecode.c.h; path = ImageProcessingCore.h; sourceTree = "<group>"; };
		2F9A75FF1984F41900AABFD9 /* ImageProcessingCore.m */ = {isa = PBXFileReference; fileEncoding = 4; lastKnownFileType = sourcecode.c.objc; path = ImageProcessingCore.m; sourceTree = "<group>"; };
		2F9A76011984F45400AABFD9 /* Main.storyboard */ = {isa = PBXFileReference; fileEncoding = 4; lastKnownFileType = file.storyboard; path = Main.storyboard; sourceTree = "<group>"; };
		66032938198B79A300CDB6BE /* SDWebImage.framework */ = {isa = PBXFileReference; lastKnownFileType = wrapper.framework; path = SDWebImage.framework; sourceTree = "<group>"; };
		660329AE198B8F6900CDB6BE /* btnFacebook.png */ = {isa = PBXFileReference; lastKnownFileType = image.png; path = btnFacebook.png; sourceTree = "<group>"; };
		660329AF198B8F6900CDB6BE /* btnLTTTeam8.png */ = {isa = PBXFileReference; lastKnownFileType = image.png; path = btnLTTTeam8.png; sourceTree = "<group>"; };
		660329B0198B8F6900CDB6BE /* btnTwitter.png */ = {isa = PBXFileReference; lastKnownFileType = image.png; path = btnTwitter.png; sourceTree = "<group>"; };
		660329B1198B8F6900CDB6BE /* btnWeibo.png */ = {isa = PBXFileReference; lastKnownFileType = image.png; path = btnWeibo.png; sourceTree = "<group>"; };
		660329B2198B8F6900CDB6BE /* button_reload.png */ = {isa = PBXFileReference; lastKnownFileType = image.png; path = button_reload.png; sourceTree = "<group>"; };
		660329B3198B8F6900CDB6BE /* chn_weibo.png */ = {isa = PBXFileReference; lastKnownFileType = image.png; path = chn_weibo.png; sourceTree = "<group>"; };
		660329B4198B8F6900CDB6BE /* crop.png */ = {isa = PBXFileReference; lastKnownFileType = image.png; path = crop.png; sourceTree = "<group>"; };
		660329B5198B8F6900CDB6BE /* edit_image.png */ = {isa = PBXFileReference; lastKnownFileType = image.png; path = edit_image.png; sourceTree = "<group>"; };
		660329B6198B8F6900CDB6BE /* facebook.png */ = {isa = PBXFileReference; lastKnownFileType = image.png; path = facebook.png; sourceTree = "<group>"; };
		660329B7198B8F6900CDB6BE /* folder_pictures.png */ = {isa = PBXFileReference; lastKnownFileType = image.png; path = folder_pictures.png; sourceTree = "<group>"; };
		660329B8198B8F6900CDB6BE /* group.png */ = {isa = PBXFileReference; lastKnownFileType = image.png; path = group.png; sourceTree = "<group>"; };
		660329BA198B8F6900CDB6BE /* home.png */ = {isa = PBXFileReference; lastKnownFileType = image.png; path = home.png; sourceTree = "<group>"; };
		660329BB198B8F6900CDB6BE /* image.png */ = {isa = PBXFileReference; lastKnownFileType = image.png; path = image.png; sourceTree = "<group>"; };
		660329BC198B8F6900CDB6BE /* mobile_home.png */ = {isa = PBXFileReference; lastKnownFileType = image.png; path = mobile_home.png; sourceTree = "<group>"; };
		660329BD198B8F6900CDB6BE /* notification_done.png */ = {isa = PBXFileReference; lastKnownFileType = image.png; path = notification_done.png; sourceTree = "<group>"; };
		660329BE198B8F6900CDB6BE /* picture.png */ = {isa = PBXFileReference; lastKnownFileType = image.png; path = picture.png; sourceTree = "<group>"; };
		660329BF198B8F6900CDB6BE /* pictures.png */ = {isa = PBXFileReference; lastKnownFileType = image.png; path = pictures.png; sourceTree = "<group>"; };
		660329C0198B8F6900CDB6BE /* pictures_alt.png */ = {isa = PBXFileReference; lastKnownFileType = image.png; path = pictures_alt.png; sourceTree = "<group>"; };
		660329C1198B8F6900CDB6BE /* save.png */ = {isa = PBXFileReference; lastKnownFileType = image.png; path = save.png; sourceTree = "<group>"; };
		660329C2198B8F6900CDB6BE /* twitter.png */ = {isa = PBXFileReference; lastKnownFileType = image.png; path = twitter.png; sourceTree = "<group>"; };
		660329D8198B927300CDB6BE /* btnSave.png */ = {isa = PBXFileReference; lastKnownFileType = image.png; path = btnSave.png; sourceTree = "<group>"; };
		660329DA198B950D00CDB6BE /* home1.png */ = {isa = PBXFileReference; lastKnownFileType = image.png; path = home1.png; sourceTree = "<group>"; };
		660329DE198B992D00CDB6BE /* back.png */ = {isa = PBXFileReference; lastKnownFileType = image.png; path = back.png; sourceTree = "<group>"; };
		660329E0198BA0FB00CDB6BE /* trash_empty.png */ = {isa = PBXFileReference; lastKnownFileType = image.png; path = trash_empty.png; sourceTree = "<group>"; };
		660329E2198BA86000CDB6BE /* bound.png */ = {isa = PBXFileReference; lastKnownFileType = image.png; path = bound.png; sourceTree = "<group>"; };
		6604A05C199201B8004249CD /* camera.png */ = {isa = PBXFileReference; lastKnownFileType = image.png; path = camera.png; sourceTree = "<group>"; };
		6604A05D199201B8004249CD /* handle.png */ = {isa = PBXFileReference; lastKnownFileType = image.png; path = handle.png; sourceTree = "<group>"; };
		66078CC4197DCDF30010F575 /* CoreImage.framework */ = {isa = PBXFileReference; lastKnownFileType = wrapper.framework; name = CoreImage.framework; path = System/Library/Frameworks/CoreImage.framework; sourceTree = SDKROOT; };
		66078CC6197DCE180010F575 /* AssetsLibrary.framework */ = {isa = PBXFileReference; lastKnownFileType = wrapper.framework; name = AssetsLibrary.framework; path = System/Library/Frameworks/AssetsLibrary.framework; sourceTree = SDKROOT; };
		66078CCC197DCFD40010F575 /* testViewController.h */ = {isa = PBXFileReference; fileEncoding = 4; lastKnownFileType = sourcecode.c.h; path = testViewController.h; sourceTree = "<group>"; };
		66078CCD197DCFE70010F575 /* testViewController.m */ = {isa = PBXFileReference; fileEncoding = 4; lastKnownFileType = sourcecode.c.objc; path = testViewController.m; sourceTree = "<group>"; };
		66078CCF197DCFF80010F575 /* UIImage+Scale.m */ = {isa = PBXFileReference; fileEncoding = 4; lastKnownFileType = sourcecode.c.objc; path = "UIImage+Scale.m"; sourceTree = "<group>"; };
		66078CD1197DCFFF0010F575 /* UIImage+Scale.h */ = {isa = PBXFileReference; lastKnownFileType = sourcecode.c.h; path = "UIImage+Scale.h"; sourceTree = "<group>"; };
		66078CD2197DD0050010F575 /* UIImage+FiltrrCompositions.m */ = {isa = PBXFileReference; fileEncoding = 4; lastKnownFileType = sourcecode.c.objc; path = "UIImage+FiltrrCompositions.m"; sourceTree = "<group>"; };
		66078CD4197DD00A0010F575 /* UIImage+FiltrrCompositions.h */ = {isa = PBXFileReference; lastKnownFileType = sourcecode.c.h; path = "UIImage+FiltrrCompositions.h"; sourceTree = "<group>"; };
		66078CD5197DD00F0010F575 /* UIImage+Filtrr.m */ = {isa = PBXFileReference; fileEncoding = 4; lastKnownFileType = sourcecode.c.objc; path = "UIImage+Filtrr.m"; sourceTree = "<group>"; };
		66078CD7197DD0130010F575 /* UIImage+Filtrr.h */ = {isa = PBXFileReference; lastKnownFileType = sourcecode.c.h; path = "UIImage+Filtrr.h"; sourceTree = "<group>"; };
		66078CD8197DD7510010F575 /* e1.png */ = {isa = PBXFileReference; lastKnownFileType = image.png; path = e1.png; sourceTree = "<group>"; };
		66078CD9197DD7510010F575 /* e2.png */ = {isa = PBXFileReference; lastKnownFileType = image.png; path = e2.png; sourceTree = "<group>"; };
		66078CDA197DD7510010F575 /* e3.png */ = {isa = PBXFileReference; lastKnownFileType = image.png; path = e3.png; sourceTree = "<group>"; };
		66078CDB197DD7510010F575 /* e4.png */ = {isa = PBXFileReference; lastKnownFileType = image.png; path = e4.png; sourceTree = "<group>"; };
		66078CDC197DD7510010F575 /* e5.png */ = {isa = PBXFileReference; lastKnownFileType = image.png; path = e5.png; sourceTree = "<group>"; };
		66078CDD197DD7510010F575 /* e6.png */ = {isa = PBXFileReference; lastKnownFileType = image.png; path = e6.png; sourceTree = "<group>"; };
		66078CDE197DD7510010F575 /* e7.png */ = {isa = PBXFileReference; lastKnownFileType = image.png; path = e7.png; sourceTree = "<group>"; };
		66078CDF197DD7510010F575 /* e8.png */ = {isa = PBXFileReference; lastKnownFileType = image.png; path = e8.png; sourceTree = "<group>"; };
		66078CE0197DD7510010F575 /* e9.png */ = {isa = PBXFileReference; lastKnownFileType = image.png; path = e9.png; sourceTree = "<group>"; };
		66078CE1197DD7510010F575 /* e10.png */ = {isa = PBXFileReference; lastKnownFileType = image.png; path = e10.png; sourceTree = "<group>"; };
		66078CE2197DD7510010F575 /* e11.png */ = {isa = PBXFileReference; lastKnownFileType = image.png; path = e11.png; sourceTree = "<group>"; };
		662400D2198BEA980095AE65 /* edit-enhancetool@2x.png */ = {isa = PBXFileReference; lastKnownFileType = image.png; path = "edit-enhancetool@2x.png"; sourceTree = "<group>"; };
		662400D3198BEA980095AE65 /* edit-filtertool@2x.png */ = {isa = PBXFileReference; lastKnownFileType = image.png; path = "edit-filtertool@2x.png"; sourceTree = "<group>"; };
		662400D4198BEA980095AE65 /* edit-luxtool@2x.png */ = {isa = PBXFileReference; lastKnownFileType = image.png; path = "edit-luxtool@2x.png"; sourceTree = "<group>"; };
		662400D5198BEA980095AE65 /* enhancetoolactive@2x.png */ = {isa = PBXFileReference; lastKnownFileType = image.png; path = "enhancetoolactive@2x.png"; sourceTree = "<group>"; };
		662400D6198BEA980095AE65 /* filtertoolactive@2x.png */ = {isa = PBXFileReference; lastKnownFileType = image.png; path = "filtertoolactive@2x.png"; sourceTree = "<group>"; };
		662400DC198BEAF20095AE65 /* brightnesstool@2x.png */ = {isa = PBXFileReference; lastKnownFileType = image.png; path = "brightnesstool@2x.png"; sourceTree = "<group>"; };
		662400DD198BEAF20095AE65 /* contrasttool@2x.png */ = {isa = PBXFileReference; lastKnownFileType = image.png; path = "contrasttool@2x.png"; sourceTree = "<group>"; };
		662400DE198BEAF20095AE65 /* highlightstool@2x.png */ = {isa = PBXFileReference; lastKnownFileType = image.png; path = "highlightstool@2x.png"; sourceTree = "<group>"; };
		662400DF198BEAF20095AE65 /* luxtool@2x.png */ = {isa = PBXFileReference; lastKnownFileType = image.png; path = "luxtool@2x.png"; sourceTree = "<group>"; };
		662400E0198BEAF20095AE65 /* saturationtool@2x.png */ = {isa = PBXFileReference; lastKnownFileType = image.png; path = "saturationtool@2x.png"; sourceTree = "<group>"; };
		662400E1198BEAF20095AE65 /* shadowstool@2x.png */ = {isa = PBXFileReference; lastKnownFileType = image.png; path = "shadowstool@2x.png"; sourceTree = "<group>"; };
		662400E2198BEAF20095AE65 /* sharpentool@2x.png */ = {isa = PBXFileReference; lastKnownFileType = image.png; path = "sharpentool@2x.png"; sourceTree = "<group>"; };
		66442F2D198BD22800AB38C5 /* default.png */ = {isa = PBXFileReference; lastKnownFileType = image.png; path = default.png; sourceTree = "<group>"; };
		6646F094197AD70000A95CDC /* Social.framework */ = {isa = PBXFileReference; lastKnownFileType = wrapper.framework; name = Social.framework; path = System/Library/Frameworks/Social.framework; sourceTree = SDKROOT; };
		66A11AE6198C14D2007DE31B /* ShareViewController.h */ = {isa = PBXFileReference; fileEncoding = 4; lastKnownFileType = sourcecode.c.h; path = ShareViewController.h; sourceTree = "<group>"; };
		66A11AE7198C14D2007DE31B /* ShareViewController.m */ = {isa = PBXFileReference; fileEncoding = 4; lastKnownFileType = sourcecode.c.objc; path = ShareViewController.m; sourceTree = "<group>"; };
		66A11AEB198C152F007DE31B /* SSTextView.h */ = {isa = PBXFileReference; fileEncoding = 4; lastKnownFileType = sourcecode.c.h; path = SSTextView.h; sourceTree = "<group>"; };
		66A11AEC198C152F007DE31B /* SSTextView.m */ = {isa = PBXFileReference; fileEncoding = 4; lastKnownFileType = sourcecode.c.objc; path = SSTextView.m; sourceTree = "<group>"; };
		66AEADA91976D0B700BC34AA /* ThucTap_INSTAGRAM.app */ = {isa = PBXFileReference; explicitFileType = wrapper.application; includeInIndex = 0; path = ThucTap_INSTAGRAM.app; sourceTree = BUILT_PRODUCTS_DIR; };
		66AEADAC1976D0B700BC34AA /* Foundation.framework */ = {isa = PBXFileReference; lastKnownFileType = wrapper.framework; name = Foundation.framework; path = System/Library/Frameworks/Foundation.framework; sourceTree = SDKROOT; };
		66AEADAE1976D0B700BC34AA /* CoreGraphics.framework */ = {isa = PBXFileReference; lastKnownFileType = wrapper.framework; name = CoreGraphics.framework; path = System/Library/Frameworks/CoreGraphics.framework; sourceTree = SDKROOT; };
		66AEADB01976D0B700BC34AA /* UIKit.framework */ = {isa = PBXFileReference; lastKnownFileType = wrapper.framework; name = UIKit.framework; path = System/Library/Frameworks/UIKit.framework; sourceTree = SDKROOT; };
		66AEADB41976D0B700BC34AA /* ThucTap_INSTAGRAM-Info.plist */ = {isa = PBXFileReference; lastKnownFileType = text.plist.xml; path = "ThucTap_INSTAGRAM-Info.plist"; sourceTree = "<group>"; };
		66AEADB61976D0B700BC34AA /* en */ = {isa = PBXFileReference; lastKnownFileType = text.plist.strings; name = en; path = en.lproj/InfoPlist.strings; sourceTree = "<group>"; };
		66AEADB81976D0B700BC34AA /* main.m */ = {isa = PBXFileReference; lastKnownFileType = sourcecode.c.objc; path = main.m; sourceTree = "<group>"; };
		66AEADBA1976D0B700BC34AA /* ThucTap_INSTAGRAM-Prefix.pch */ = {isa = PBXFileReference; lastKnownFileType = sourcecode.c.h; path = "ThucTap_INSTAGRAM-Prefix.pch"; sourceTree = "<group>"; };
		66AEADBB1976D0B700BC34AA /* AppDelegate.h */ = {isa = PBXFileReference; lastKnownFileType = sourcecode.c.h; path = AppDelegate.h; sourceTree = "<group>"; };
		66AEADBC1976D0B700BC34AA /* AppDelegate.m */ = {isa = PBXFileReference; lastKnownFileType = sourcecode.c.objc; path = AppDelegate.m; sourceTree = "<group>"; };
		66AEADC11976D0B800BC34AA /* ViewController.h */ = {isa = PBXFileReference; lastKnownFileType = sourcecode.c.h; path = ViewController.h; sourceTree = "<group>"; };
		66AEADC21976D0B800BC34AA /* ViewController.m */ = {isa = PBXFileReference; lastKnownFileType = sourcecode.c.objc; path = ViewController.m; sourceTree = "<group>"; };
		66AEADC41976D0B800BC34AA /* Images.xcassets */ = {isa = PBXFileReference; lastKnownFileType = folder.assetcatalog; path = Images.xcassets; sourceTree = "<group>"; };
		66AEADCA1976D0B900BC34AA /* ThucTap_INSTAGRAMTests.xctest */ = {isa = PBXFileReference; explicitFileType = wrapper.cfbundle; includeInIndex = 0; path = ThucTap_INSTAGRAMTests.xctest; sourceTree = BUILT_PRODUCTS_DIR; };
		66AEADCB1976D0B900BC34AA /* XCTest.framework */ = {isa = PBXFileReference; lastKnownFileType = wrapper.framework; name = XCTest.framework; path = Library/Frameworks/XCTest.framework; sourceTree = DEVELOPER_DIR; };
		66AEADD31976D0B900BC34AA /* ThucTap_INSTAGRAMTests-Info.plist */ = {isa = PBXFileReference; lastKnownFileType = text.plist.xml; path = "ThucTap_INSTAGRAMTests-Info.plist"; sourceTree = "<group>"; };
		66AEADD51976D0B900BC34AA /* en */ = {isa = PBXFileReference; lastKnownFileType = text.plist.strings; name = en; path = en.lproj/InfoPlist.strings; sourceTree = "<group>"; };
		66AEADD71976D0B900BC34AA /* ThucTap_INSTAGRAMTests.m */ = {isa = PBXFileReference; lastKnownFileType = sourcecode.c.objc; path = ThucTap_INSTAGRAMTests.m; sourceTree = "<group>"; };
		66AEADE21976D3FA00BC34AA /* resizeImage.h */ = {isa = PBXFileReference; fileEncoding = 4; lastKnownFileType = sourcecode.c.h; path = resizeImage.h; sourceTree = "<group>"; };
		66AEADE31976D3FA00BC34AA /* resizeImage.m */ = {isa = PBXFileReference; fileEncoding = 4; lastKnownFileType = sourcecode.c.objc; path = resizeImage.m; sourceTree = "<group>"; };
		66B9278F1980B7FA00BA0D5D /* UIImage+Extra.h */ = {isa = PBXFileReference; fileEncoding = 4; lastKnownFileType = sourcecode.c.h; path = "UIImage+Extra.h"; sourceTree = "<group>"; };
		66B927901980B7FA00BA0D5D /* UIImage+Extra.m */ = {isa = PBXFileReference; fileEncoding = 4; lastKnownFileType = sourcecode.c.objc; path = "UIImage+Extra.m"; sourceTree = "<group>"; };
		66DC7BF21980A0560065AD27 /* PDLAppDelegate.h */ = {isa = PBXFileReference; fileEncoding = 4; lastKnownFileType = sourcecode.c.h; path = PDLAppDelegate.h; sourceTree = "<group>"; };
		66DC7BF31980A0560065AD27 /* PDLAppDelegate.m */ = {isa = PBXFileReference; fileEncoding = 4; lastKnownFileType = sourcecode.c.objc; path = PDLAppDelegate.m; sourceTree = "<group>"; };
		66DC7C031980A2A70065AD27 /* placeholder.png */ = {isa = PBXFileReference; lastKnownFileType = image.png; path = placeholder.png; sourceTree = "<group>"; };
		66DC7C051980AADF0065AD27 /* ImageIO.framework */ = {isa = PBXFileReference; lastKnownFileType = wrapper.framework; name = ImageIO.framework; path = System/Library/Frameworks/ImageIO.framework; sourceTree = SDKROOT; };
		66F29A8F197E33AA006FA8C5 /* images.jpeg */ = {isa = PBXFileReference; lastKnownFileType = image.jpeg; path = images.jpeg; sourceTree = "<group>"; };
		C0CC318719889B4300242850 /* PDLViewController.h */ = {isa = PBXFileReference; fileEncoding = 4; lastKnownFileType = sourcecode.c.h; path = PDLViewController.h; sourceTree = "<group>"; };
		C0CC318819889B4300242850 /* PDLViewController.m */ = {isa = PBXFileReference; fileEncoding = 4; lastKnownFileType = sourcecode.c.objc; path = PDLViewController.m; sourceTree = "<group>"; };
		C0CC318A19889B8200242850 /* PDLCustomCell.h */ = {isa = PBXFileReference; fileEncoding = 4; lastKnownFileType = sourcecode.c.h; path = PDLCustomCell.h; sourceTree = "<group>"; };
		C0CC318B19889B8200242850 /* PDLCustomCell.m */ = {isa = PBXFileReference; fileEncoding = 4; lastKnownFileType = sourcecode.c.objc; path = PDLCustomCell.m; sourceTree = "<group>"; };
		C0CC318D19889BC800242850 /* PDLCustomCell.xib */ = {isa = PBXFileReference; fileEncoding = 4; lastKnownFileType = file.xib; path = PDLCustomCell.xib; sourceTree = "<group>"; };
		C0CC318E19889BC800242850 /* PDLPhotos.h */ = {isa = PBXFileReference; fileEncoding = 4; lastKnownFileType = sourcecode.c.h; path = PDLPhotos.h; sourceTree = "<group>"; };
		C0CC318F19889BC800242850 /* PDLPhotos.m */ = {isa = PBXFileReference; fileEncoding = 4; lastKnownFileType = sourcecode.c.objc; path = PDLPhotos.m; sourceTree = "<group>"; };
		C0CC319519889C1500242850 /* PDLProcessConnection.h */ = {isa = PBXFileReference; fileEncoding = 4; lastKnownFileType = sourcecode.c.h; path = PDLProcessConnection.h; sourceTree = "<group>"; };
		C0CC319619889C1500242850 /* PDLProcessConnection.m */ = {isa = PBXFileReference; fileEncoding = 4; lastKnownFileType = sourcecode.c.objc; path = PDLProcessConnection.m; sourceTree = "<group>"; };
/* End PBXFileReference section */

/* Begin PBXFrameworksBuildPhase section */
		66AEADA61976D0B700BC34AA /* Frameworks */ = {
			isa = PBXFrameworksBuildPhase;
			buildActionMask = 2147483647;
			files = (
				66032939198B79A300CDB6BE /* SDWebImage.framework in Frameworks */,
				66DC7C061980AADF0065AD27 /* ImageIO.framework in Frameworks */,
				66078CC7197DCE180010F575 /* AssetsLibrary.framework in Frameworks */,
				66078CC5197DCDF30010F575 /* CoreImage.framework in Frameworks */,
				6646F095197AD70000A95CDC /* Social.framework in Frameworks */,
				66AEADAF1976D0B700BC34AA /* CoreGraphics.framework in Frameworks */,
				66AEADB11976D0B700BC34AA /* UIKit.framework in Frameworks */,
				2F390522198EAFFE00FA3F49 /* libGPUImage.a in Frameworks */,
				66AEADAD1976D0B700BC34AA /* Foundation.framework in Frameworks */,
			);
			runOnlyForDeploymentPostprocessing = 0;
		};
		66AEADC71976D0B900BC34AA /* Frameworks */ = {
			isa = PBXFrameworksBuildPhase;
			buildActionMask = 2147483647;
			files = (
				66AEADCC1976D0B900BC34AA /* XCTest.framework in Frameworks */,
				66AEADCE1976D0B900BC34AA /* UIKit.framework in Frameworks */,
				66AEADCD1976D0B900BC34AA /* Foundation.framework in Frameworks */,
			);
			runOnlyForDeploymentPostprocessing = 0;
		};
/* End PBXFrameworksBuildPhase section */

/* Begin PBXGroup section */
		2F390517198EAFEA00FA3F49 /* Products */ = {
			isa = PBXGroup;
			children = (
				2F39051D198EAFEB00FA3F49 /* libGPUImage.a */,
				2F39051F198EAFEB00FA3F49 /* GPUImage.framework */,
			);
			name = Products;
			sourceTree = "<group>";
		};
		660329AD198B8F6900CDB6BE /* barIcon */ = {
			isa = PBXGroup;
			children = (
				6604A05C199201B8004249CD /* camera.png */,
				6604A05D199201B8004249CD /* handle.png */,
				66442F2D198BD22800AB38C5 /* default.png */,
				660329E2198BA86000CDB6BE /* bound.png */,
				660329E0198BA0FB00CDB6BE /* trash_empty.png */,
				660329AE198B8F6900CDB6BE /* btnFacebook.png */,
				660329D8198B927300CDB6BE /* btnSave.png */,
				660329DE198B992D00CDB6BE /* back.png */,
				660329AF198B8F6900CDB6BE /* btnLTTTeam8.png */,
				660329B0198B8F6900CDB6BE /* btnTwitter.png */,
				660329B1198B8F6900CDB6BE /* btnWeibo.png */,
				660329B2198B8F6900CDB6BE /* button_reload.png */,
				660329B3198B8F6900CDB6BE /* chn_weibo.png */,
				660329B4198B8F6900CDB6BE /* crop.png */,
				660329B5198B8F6900CDB6BE /* edit_image.png */,
				660329B6198B8F6900CDB6BE /* facebook.png */,
				660329B7198B8F6900CDB6BE /* folder_pictures.png */,
				660329DA198B950D00CDB6BE /* home1.png */,
				660329B8198B8F6900CDB6BE /* group.png */,
				660329BA198B8F6900CDB6BE /* home.png */,
				660329BB198B8F6900CDB6BE /* image.png */,
				660329BC198B8F6900CDB6BE /* mobile_home.png */,
				660329BD198B8F6900CDB6BE /* notification_done.png */,
				660329BE198B8F6900CDB6BE /* picture.png */,
				660329BF198B8F6900CDB6BE /* pictures.png */,
				660329C0198B8F6900CDB6BE /* pictures_alt.png */,
				660329C1198B8F6900CDB6BE /* save.png */,
				660329C2198B8F6900CDB6BE /* twitter.png */,
			);
			path = barIcon;
			sourceTree = "<group>";
		};
		66078CC3197DCD6A0010F575 /* FilterImage */ = {
			isa = PBXGroup;
			children = (
				2F9A75FE1984F41900AABFD9 /* ImageProcessingCore.h */,
				2F9A75FF1984F41900AABFD9 /* ImageProcessingCore.m */,
				66078CCC197DCFD40010F575 /* testViewController.h */,
				66078CCD197DCFE70010F575 /* testViewController.m */,
				66078CCA197DCF7D0010F575 /* Filtrr */,
			);
			name = FilterImage;
			sourceTree = "<group>";
		};
		66078CCA197DCF7D0010F575 /* Filtrr */ = {
			isa = PBXGroup;
			children = (
				66078CD7197DD0130010F575 /* UIImage+Filtrr.h */,
				66078CD5197DD00F0010F575 /* UIImage+Filtrr.m */,
				66078CD4197DD00A0010F575 /* UIImage+FiltrrCompositions.h */,
				66078CD2197DD0050010F575 /* UIImage+FiltrrCompositions.m */,
				66078CD1197DCFFF0010F575 /* UIImage+Scale.h */,
				66078CCF197DCFF80010F575 /* UIImage+Scale.m */,
			);
			name = Filtrr;
			sourceTree = "<group>";
		};
		6646F08D197ACA3700A95CDC /* ClassMain */ = {
			isa = PBXGroup;
			children = (
				66AEADBB1976D0B700BC34AA /* AppDelegate.h */,
				66AEADBC1976D0B700BC34AA /* AppDelegate.m */,
				2F9A76011984F45400AABFD9 /* Main.storyboard */,
				66AEADC11976D0B800BC34AA /* ViewController.h */,
				66AEADC21976D0B800BC34AA /* ViewController.m */,
			);
			name = ClassMain;
			sourceTree = "<group>";
		};
		66A11AE9198C14E9007DE31B /* SaveAndShare */ = {
			isa = PBXGroup;
			children = (
				66A11AEA198C1517007DE31B /* SSTextView */,
				66A11AE6198C14D2007DE31B /* ShareViewController.h */,
				66A11AE7198C14D2007DE31B /* ShareViewController.m */,
			);
			name = SaveAndShare;
			sourceTree = "<group>";
		};
		66A11AEA198C1517007DE31B /* SSTextView */ = {
			isa = PBXGroup;
			children = (
				66A11AEB198C152F007DE31B /* SSTextView.h */,
				66A11AEC198C152F007DE31B /* SSTextView.m */,
			);
			name = SSTextView;
			sourceTree = "<group>";
		};
		66AEADA01976D0B700BC34AA = {
			isa = PBXGroup;
			children = (
				66B9278F1980B7FA00BA0D5D /* UIImage+Extra.h */,
				66B927901980B7FA00BA0D5D /* UIImage+Extra.m */,
				66AEADB21976D0B700BC34AA /* ThucTap_INSTAGRAM */,
				66AEADD11976D0B900BC34AA /* ThucTap_INSTAGRAMTests */,
				66AEADAB1976D0B700BC34AA /* Frameworks */,
				66AEADAA1976D0B700BC34AA /* Products */,
			);
			sourceTree = "<group>";
		};
		66AEADAA1976D0B700BC34AA /* Products */ = {
			isa = PBXGroup;
			children = (
				66AEADA91976D0B700BC34AA /* ThucTap_INSTAGRAM.app */,
				66AEADCA1976D0B900BC34AA /* ThucTap_INSTAGRAMTests.xctest */,
			);
			name = Products;
			sourceTree = "<group>";
		};
		66AEADAB1976D0B700BC34AA /* Frameworks */ = {
			isa = PBXGroup;
			children = (
				2F390516198EAFEA00FA3F49 /* GPUImage.xcodeproj */,
				66032938198B79A300CDB6BE /* SDWebImage.framework */,
				66DC7C051980AADF0065AD27 /* ImageIO.framework */,
				66078CC6197DCE180010F575 /* AssetsLibrary.framework */,
				66078CC4197DCDF30010F575 /* CoreImage.framework */,
				6646F094197AD70000A95CDC /* Social.framework */,
				66AEADAC1976D0B700BC34AA /* Foundation.framework */,
				66AEADAE1976D0B700BC34AA /* CoreGraphics.framework */,
				66AEADB01976D0B700BC34AA /* UIKit.framework */,
				66AEADCB1976D0B900BC34AA /* XCTest.framework */,
			);
			name = Frameworks;
			sourceTree = "<group>";
		};
		66AEADB21976D0B700BC34AA /* ThucTap_INSTAGRAM */ = {
			isa = PBXGroup;
			children = (
				66A11AE9198C14E9007DE31B /* SaveAndShare */,
				66DC7BF01980A0160065AD27 /* PDLHome */,
				66078CC3197DCD6A0010F575 /* FilterImage */,
				66AEADE11976D3AE00BC34AA /* ClassCropAndResize */,
				6646F08D197ACA3700A95CDC /* ClassMain */,
				66AEADC41976D0B800BC34AA /* Images.xcassets */,
				66AEADB31976D0B700BC34AA /* Supporting Files */,
			);
			name = ThucTap_INSTAGRAM;
			path = BTCropAndResizeImage;
			sourceTree = "<group>";
		};
		66AEADB31976D0B700BC34AA /* Supporting Files */ = {
			isa = PBXGroup;
			children = (
				66AEADEB1976D84F00BC34AA /* Images */,
				66AEADB41976D0B700BC34AA /* ThucTap_INSTAGRAM-Info.plist */,
				66AEADB51976D0B700BC34AA /* InfoPlist.strings */,
				66AEADB81976D0B700BC34AA /* main.m */,
				66AEADBA1976D0B700BC34AA /* ThucTap_INSTAGRAM-Prefix.pch */,
			);
			name = "Supporting Files";
			sourceTree = "<group>";
		};
		66AEADD11976D0B900BC34AA /* ThucTap_INSTAGRAMTests */ = {
			isa = PBXGroup;
			children = (
				66AEADD71976D0B900BC34AA /* ThucTap_INSTAGRAMTests.m */,
				66AEADD21976D0B900BC34AA /* Supporting Files */,
			);
			name = ThucTap_INSTAGRAMTests;
			path = BTCropAndResizeImageTests;
			sourceTree = "<group>";
		};
		66AEADD21976D0B900BC34AA /* Supporting Files */ = {
			isa = PBXGroup;
			children = (
				66AEADD31976D0B900BC34AA /* ThucTap_INSTAGRAMTests-Info.plist */,
				66AEADD41976D0B900BC34AA /* InfoPlist.strings */,
			);
			name = "Supporting Files";
			sourceTree = "<group>";
		};
		66AEADE11976D3AE00BC34AA /* ClassCropAndResize */ = {
			isa = PBXGroup;
			children = (
				66AEADE21976D3FA00BC34AA /* resizeImage.h */,
				66AEADE31976D3FA00BC34AA /* resizeImage.m */,
			);
			name = ClassCropAndResize;
			sourceTree = "<group>";
		};
		66AEADEB1976D84F00BC34AA /* Images */ = {
			isa = PBXGroup;
			children = (
				660329AD198B8F6900CDB6BE /* barIcon */,
				66DC7C031980A2A70065AD27 /* placeholder.png */,
				2F390525198EC31700FA3F49 /* upload-background2.png */,
				662400DC198BEAF20095AE65 /* brightnesstool@2x.png */,
				2F390527198EC48500FA3F49 /* original.jpg */,
				662400DD198BEAF20095AE65 /* contrasttool@2x.png */,
				662400DE198BEAF20095AE65 /* highlightstool@2x.png */,
				662400DF198BEAF20095AE65 /* luxtool@2x.png */,
				662400E0198BEAF20095AE65 /* saturationtool@2x.png */,
				662400E1198BEAF20095AE65 /* shadowstool@2x.png */,
				662400E2198BEAF20095AE65 /* sharpentool@2x.png */,
				662400D2198BEA980095AE65 /* edit-enhancetool@2x.png */,
				662400D3198BEA980095AE65 /* edit-filtertool@2x.png */,
				662400D4198BEA980095AE65 /* edit-luxtool@2x.png */,
				662400D5198BEA980095AE65 /* enhancetoolactive@2x.png */,
				662400D6198BEA980095AE65 /* filtertoolactive@2x.png */,
				66F29A8F197E33AA006FA8C5 /* images.jpeg */,
				66078CD8197DD7510010F575 /* e1.png */,
				66078CD9197DD7510010F575 /* e2.png */,
				66078CDA197DD7510010F575 /* e3.png */,
				66078CDB197DD7510010F575 /* e4.png */,
				66078CDC197DD7510010F575 /* e5.png */,
				66078CDD197DD7510010F575 /* e6.png */,
				66078CDE197DD7510010F575 /* e7.png */,
				66078CDF197DD7510010F575 /* e8.png */,
				66078CE0197DD7510010F575 /* e9.png */,
				66078CE1197DD7510010F575 /* e10.png */,
				66078CE2197DD7510010F575 /* e11.png */,
			);
			name = Images;
			sourceTree = "<group>";
		};
		66DC7BF01980A0160065AD27 /* PDLHome */ = {
			isa = PBXGroup;
			children = (
				C0CC319819889C1700242850 /* Process Data */,
				C0CC319319889BDD00242850 /* Custom Cell */,
				C0CC319219889BCF00242850 /* Photo Class */,
				C0CC319419889BEA00242850 /* PDLViewController */,
			);
			name = PDLHome;
			sourceTree = "<group>";
		};
		C0CC319219889BCF00242850 /* Photo Class */ = {
			isa = PBXGroup;
			children = (
				C0CC318E19889BC800242850 /* PDLPhotos.h */,
				C0CC318F19889BC800242850 /* PDLPhotos.m */,
			);
			name = "Photo Class";
			sourceTree = "<group>";
		};
		C0CC319319889BDD00242850 /* Custom Cell */ = {
			isa = PBXGroup;
			children = (
				C0CC318D19889BC800242850 /* PDLCustomCell.xib */,
				C0CC318A19889B8200242850 /* PDLCustomCell.h */,
				C0CC318B19889B8200242850 /* PDLCustomCell.m */,
			);
			name = "Custom Cell";
			sourceTree = "<group>";
		};
		C0CC319419889BEA00242850 /* PDLViewController */ = {
			isa = PBXGroup;
			children = (
				C0CC318719889B4300242850 /* PDLViewController.h */,
				C0CC318819889B4300242850 /* PDLViewController.m */,
				66DC7BF21980A0560065AD27 /* PDLAppDelegate.h */,
				66DC7BF31980A0560065AD27 /* PDLAppDelegate.m */,
			);
			name = PDLViewController;
			sourceTree = "<group>";
		};
		C0CC319819889C1700242850 /* Process Data */ = {
			isa = PBXGroup;
			children = (
				C0CC319519889C1500242850 /* PDLProcessConnection.h */,
				C0CC319619889C1500242850 /* PDLProcessConnection.m */,
			);
			name = "Process Data";
			sourceTree = "<group>";
		};
/* End PBXGroup section */

/* Begin PBXNativeTarget section */
		66AEADA81976D0B700BC34AA /* ThucTap_INSTAGRAM */ = {
			isa = PBXNativeTarget;
			buildConfigurationList = 66AEADDB1976D0B900BC34AA /* Build configuration list for PBXNativeTarget "ThucTap_INSTAGRAM" */;
			buildPhases = (
				66AEADA51976D0B700BC34AA /* Sources */,
				66AEADA61976D0B700BC34AA /* Frameworks */,
				66AEADA71976D0B700BC34AA /* Resources */,
			);
			buildRules = (
			);
			dependencies = (
				2F390521198EAFF400FA3F49 /* PBXTargetDependency */,
			);
			name = ThucTap_INSTAGRAM;
			productName = BTCropAndResizeImage;
			productReference = 66AEADA91976D0B700BC34AA /* ThucTap_INSTAGRAM.app */;
			productType = "com.apple.product-type.application";
		};
		66AEADC91976D0B900BC34AA /* ThucTap_INSTAGRAMTests */ = {
			isa = PBXNativeTarget;
			buildConfigurationList = 66AEADDE1976D0B900BC34AA /* Build configuration list for PBXNativeTarget "ThucTap_INSTAGRAMTests" */;
			buildPhases = (
				66AEADC61976D0B900BC34AA /* Sources */,
				66AEADC71976D0B900BC34AA /* Frameworks */,
				66AEADC81976D0B900BC34AA /* Resources */,
			);
			buildRules = (
			);
			dependencies = (
				66AEADD01976D0B900BC34AA /* PBXTargetDependency */,
			);
			name = ThucTap_INSTAGRAMTests;
			productName = BTCropAndResizeImageTests;
			productReference = 66AEADCA1976D0B900BC34AA /* ThucTap_INSTAGRAMTests.xctest */;
			productType = "com.apple.product-type.bundle.unit-test";
		};
/* End PBXNativeTarget section */

/* Begin PBXProject section */
		66AEADA11976D0B700BC34AA /* Project object */ = {
			isa = PBXProject;
			attributes = {
				LastUpgradeCheck = 0510;
				ORGANIZATIONNAME = DanielDuong;
				TargetAttributes = {
					66AEADC91976D0B900BC34AA = {
						TestTargetID = 66AEADA81976D0B700BC34AA;
					};
				};
			};
			buildConfigurationList = 66AEADA41976D0B700BC34AA /* Build configuration list for PBXProject "ThucTap_INSTAGRAM" */;
			compatibilityVersion = "Xcode 3.2";
			developmentRegion = English;
			hasScannedForEncodings = 0;
			knownRegions = (
				en,
				Base,
			);
			mainGroup = 66AEADA01976D0B700BC34AA;
			productRefGroup = 66AEADAA1976D0B700BC34AA /* Products */;
			projectDirPath = "";
			projectReferences = (
				{
					ProductGroup = 2F390517198EAFEA00FA3F49 /* Products */;
					ProjectRef = 2F390516198EAFEA00FA3F49 /* GPUImage.xcodeproj */;
				},
			);
			projectRoot = "";
			targets = (
				66AEADA81976D0B700BC34AA /* ThucTap_INSTAGRAM */,
				66AEADC91976D0B900BC34AA /* ThucTap_INSTAGRAMTests */,
			);
		};
/* End PBXProject section */

/* Begin PBXReferenceProxy section */
		2F39051D198EAFEB00FA3F49 /* libGPUImage.a */ = {
			isa = PBXReferenceProxy;
			fileType = archive.ar;
			path = libGPUImage.a;
			remoteRef = 2F39051C198EAFEB00FA3F49 /* PBXContainerItemProxy */;
			sourceTree = BUILT_PRODUCTS_DIR;
		};
		2F39051F198EAFEB00FA3F49 /* GPUImage.framework */ = {
			isa = PBXReferenceProxy;
			fileType = wrapper.framework;
			path = GPUImage.framework;
			remoteRef = 2F39051E198EAFEB00FA3F49 /* PBXContainerItemProxy */;
			sourceTree = BUILT_PRODUCTS_DIR;
		};
/* End PBXReferenceProxy section */

/* Begin PBXResourcesBuildPhase section */
		66AEADA71976D0B700BC34AA /* Resources */ = {
			isa = PBXResourcesBuildPhase;
			buildActionMask = 2147483647;
			files = (
				660329C3198B8F6900CDB6BE /* btnFacebook.png in Resources */,
				662400E5198BEAF20095AE65 /* highlightstool@2x.png in Resources */,
				660329C8198B8F6900CDB6BE /* chn_weibo.png in Resources */,
				660329DF198B992D00CDB6BE /* back.png in Resources */,
				66078CED197DD7510010F575 /* e11.png in Resources */,
				662400D7198BEA980095AE65 /* edit-enhancetool@2x.png in Resources */,
				66442F2E198BD22800AB38C5 /* default.png in Resources */,
				660329D1198B8F6900CDB6BE /* mobile_home.png in Resources */,
				66078CEB197DD7510010F575 /* e9.png in Resources */,
				660329CA198B8F6900CDB6BE /* edit_image.png in Resources */,
				662400E3198BEAF20095AE65 /* brightnesstool@2x.png in Resources */,
				660329D9198B927300CDB6BE /* btnSave.png in Resources */,
				66078CE8197DD7510010F575 /* e6.png in Resources */,
				660329E3198BA86000CDB6BE /* bound.png in Resources */,
				660329D2198B8F6900CDB6BE /* notification_done.png in Resources */,
				66078CE3197DD7510010F575 /* e1.png in Resources */,
				66078CE7197DD7510010F575 /* e5.png in Resources */,
				660329C4198B8F6900CDB6BE /* btnLTTTeam8.png in Resources */,
				66078CEC197DD7510010F575 /* e10.png in Resources */,
				66AEADC51976D0B800BC34AA /* Images.xcassets in Resources */,
				660329D4198B8F6900CDB6BE /* pictures.png in Resources */,
				2F390526198EC31700FA3F49 /* upload-background2.png in Resources */,
				660329D7198B8F6900CDB6BE /* twitter.png in Resources */,
				662400E8198BEAF20095AE65 /* shadowstool@2x.png in Resources */,
				662400E7198BEAF20095AE65 /* saturationtool@2x.png in Resources */,
				2F390528198EC48500FA3F49 /* original.jpg in Resources */,
				660329CB198B8F6900CDB6BE /* facebook.png in Resources */,
				662400E4198BEAF20095AE65 /* contrasttool@2x.png in Resources */,
				662400E9198BEAF20095AE65 /* sharpentool@2x.png in Resources */,
				66078CE6197DD7510010F575 /* e4.png in Resources */,
				660329C6198B8F6900CDB6BE /* btnWeibo.png in Resources */,
				C0CC319019889BC800242850 /* PDLCustomCell.xib in Resources */,
				66AEADB71976D0B700BC34AA /* InfoPlist.strings in Resources */,
				660329DB198B950D00CDB6BE /* home1.png in Resources */,
				66DC7C041980A2A70065AD27 /* placeholder.png in Resources */,
				660329D3198B8F6900CDB6BE /* picture.png in Resources */,
				660329CF198B8F6900CDB6BE /* home.png in Resources */,
				66078CE5197DD7510010F575 /* e3.png in Resources */,
				660329C7198B8F6900CDB6BE /* button_reload.png in Resources */,
				66078CE9197DD7510010F575 /* e7.png in Resources */,
				662400D8198BEA980095AE65 /* edit-filtertool@2x.png in Resources */,
				662400DB198BEA980095AE65 /* filtertoolactive@2x.png in Resources */,
				66F29A96197E33AA006FA8C5 /* images.jpeg in Resources */,
				660329C9198B8F6900CDB6BE /* crop.png in Resources */,
				660329E1198BA0FB00CDB6BE /* trash_empty.png in Resources */,
				660329C5198B8F6900CDB6BE /* btnTwitter.png in Resources */,
				662400D9198BEA980095AE65 /* edit-luxtool@2x.png in Resources */,
				66078CE4197DD7510010F575 /* e2.png in Resources */,
				660329CC198B8F6900CDB6BE /* folder_pictures.png in Resources */,
				662400DA198BEA980095AE65 /* enhancetoolactive@2x.png in Resources */,
				6604A05E199201B8004249CD /* camera.png in Resources */,
				6604A05F199201B8004249CD /* handle.png in Resources */,
				660329D6198B8F6900CDB6BE /* save.png in Resources */,
				66078CEA197DD7510010F575 /* e8.png in Resources */,
				660329CD198B8F6900CDB6BE /* group.png in Resources */,
				2F9A76021984F45400AABFD9 /* Main.storyboard in Resources */,
				662400E6198BEAF20095AE65 /* luxtool@2x.png in Resources */,
				660329D5198B8F6900CDB6BE /* pictures_alt.png in Resources */,
				660329D0198B8F6900CDB6BE /* image.png in Resources */,
			);
			runOnlyForDeploymentPostprocessing = 0;
		};
		66AEADC81976D0B900BC34AA /* Resources */ = {
			isa = PBXResourcesBuildPhase;
			buildActionMask = 2147483647;
			files = (
				66AEADD61976D0B900BC34AA /* InfoPlist.strings in Resources */,
			);
			runOnlyForDeploymentPostprocessing = 0;
		};
/* End PBXResourcesBuildPhase section */

/* Begin PBXSourcesBuildPhase section */
		66AEADA51976D0B700BC34AA /* Sources */ = {
			isa = PBXSourcesBuildPhase;
			buildActionMask = 2147483647;
			files = (
				C0CC319719889C1500242850 /* PDLProcessConnection.m in Sources */,
				66078CD0197DCFF80010F575 /* UIImage+Scale.m in Sources */,
				66A11AE8198C14D2007DE31B /* ShareViewController.m in Sources */,
				66A11AED198C152F007DE31B /* SSTextView.m in Sources */,
				66078CCE197DCFE70010F575 /* testViewController.m in Sources */,
				66DC7BFC1980A0560065AD27 /* PDLAppDelegate.m in Sources */,
				66AEADC31976D0B800BC34AA /* ViewController.m in Sources */,
				66AEADE41976D3FA00BC34AA /* resizeImage.m in Sources */,
				66078CD3197DD0050010F575 /* UIImage+FiltrrCompositions.m in Sources */,
				2F9A76001984F41900AABFD9 /* ImageProcessingCore.m in Sources */,
				C0CC318919889B4300242850 /* PDLViewController.m in Sources */,
				66078CD6197DD00F0010F575 /* UIImage+Filtrr.m in Sources */,
				66AEADBD1976D0B700BC34AA /* AppDelegate.m in Sources */,
				C0CC319119889BC800242850 /* PDLPhotos.m in Sources */,
				66B927911980B7FA00BA0D5D /* UIImage+Extra.m in Sources */,
				C0CC318C19889B8200242850 /* PDLCustomCell.m in Sources */,
				66AEADB91976D0B700BC34AA /* main.m in Sources */,
			);
			runOnlyForDeploymentPostprocessing = 0;
		};
		66AEADC61976D0B900BC34AA /* Sources */ = {
			isa = PBXSourcesBuildPhase;
			buildActionMask = 2147483647;
			files = (
				66AEADD81976D0B900BC34AA /* ThucTap_INSTAGRAMTests.m in Sources */,
			);
			runOnlyForDeploymentPostprocessing = 0;
		};
/* End PBXSourcesBuildPhase section */

/* Begin PBXTargetDependency section */
		2F390521198EAFF400FA3F49 /* PBXTargetDependency */ = {
			isa = PBXTargetDependency;
			name = GPUImage;
			targetProxy = 2F390520198EAFF400FA3F49 /* PBXContainerItemProxy */;
		};
		66AEADD01976D0B900BC34AA /* PBXTargetDependency */ = {
			isa = PBXTargetDependency;
			target = 66AEADA81976D0B700BC34AA /* ThucTap_INSTAGRAM */;
			targetProxy = 66AEADCF1976D0B900BC34AA /* PBXContainerItemProxy */;
		};
/* End PBXTargetDependency section */

/* Begin PBXVariantGroup section */
		66AEADB51976D0B700BC34AA /* InfoPlist.strings */ = {
			isa = PBXVariantGroup;
			children = (
				66AEADB61976D0B700BC34AA /* en */,
			);
			name = InfoPlist.strings;
			sourceTree = "<group>";
		};
		66AEADD41976D0B900BC34AA /* InfoPlist.strings */ = {
			isa = PBXVariantGroup;
			children = (
				66AEADD51976D0B900BC34AA /* en */,
			);
			name = InfoPlist.strings;
			sourceTree = "<group>";
		};
/* End PBXVariantGroup section */

/* Begin XCBuildConfiguration section */
		66AEADD91976D0B900BC34AA /* Debug */ = {
			isa = XCBuildConfiguration;
			buildSettings = {
				ALWAYS_SEARCH_USER_PATHS = NO;
				CLANG_CXX_LANGUAGE_STANDARD = "gnu++0x";
				CLANG_CXX_LIBRARY = "libc++";
				CLANG_ENABLE_MODULES = YES;
				CLANG_ENABLE_OBJC_ARC = YES;
				CLANG_WARN_BOOL_CONVERSION = YES;
				CLANG_WARN_CONSTANT_CONVERSION = YES;
				CLANG_WARN_DIRECT_OBJC_ISA_USAGE = YES_ERROR;
				CLANG_WARN_EMPTY_BODY = YES;
				CLANG_WARN_ENUM_CONVERSION = YES;
				CLANG_WARN_INT_CONVERSION = YES;
				CLANG_WARN_OBJC_ROOT_CLASS = YES_ERROR;
				CLANG_WARN__DUPLICATE_METHOD_MATCH = YES;
				"CODE_SIGN_IDENTITY[sdk=iphoneos*]" = "iPhone Developer";
				COPY_PHASE_STRIP = NO;
				GCC_C_LANGUAGE_STANDARD = gnu99;
				GCC_DYNAMIC_NO_PIC = NO;
				GCC_OPTIMIZATION_LEVEL = 0;
				GCC_PREPROCESSOR_DEFINITIONS = (
					"DEBUG=1",
					"$(inherited)",
				);
				GCC_SYMBOLS_PRIVATE_EXTERN = NO;
				GCC_WARN_64_TO_32_BIT_CONVERSION = YES;
				GCC_WARN_ABOUT_RETURN_TYPE = YES_ERROR;
				GCC_WARN_UNDECLARED_SELECTOR = YES;
				GCC_WARN_UNINITIALIZED_AUTOS = YES_AGGRESSIVE;
				GCC_WARN_UNUSED_FUNCTION = YES;
				GCC_WARN_UNUSED_VARIABLE = YES;
				HEADER_SEARCH_PATHS = (
					"$(inherited)",
					/Applications/Xcode.app/Contents/Developer/Toolchains/XcodeDefault.xctoolchain/usr/include,
					"../../GPUImage-master/framework/**",
				);
				IPHONEOS_DEPLOYMENT_TARGET = 7.1;
				ONLY_ACTIVE_ARCH = YES;
				SDKROOT = iphoneos;
			};
			name = Debug;
		};
		66AEADDA1976D0B900BC34AA /* Release */ = {
			isa = XCBuildConfiguration;
			buildSettings = {
				ALWAYS_SEARCH_USER_PATHS = NO;
				CLANG_CXX_LANGUAGE_STANDARD = "gnu++0x";
				CLANG_CXX_LIBRARY = "libc++";
				CLANG_ENABLE_MODULES = YES;
				CLANG_ENABLE_OBJC_ARC = YES;
				CLANG_WARN_BOOL_CONVERSION = YES;
				CLANG_WARN_CONSTANT_CONVERSION = YES;
				CLANG_WARN_DIRECT_OBJC_ISA_USAGE = YES_ERROR;
				CLANG_WARN_EMPTY_BODY = YES;
				CLANG_WARN_ENUM_CONVERSION = YES;
				CLANG_WARN_INT_CONVERSION = YES;
				CLANG_WARN_OBJC_ROOT_CLASS = YES_ERROR;
				CLANG_WARN__DUPLICATE_METHOD_MATCH = YES;
				"CODE_SIGN_IDENTITY[sdk=iphoneos*]" = "iPhone Developer";
				COPY_PHASE_STRIP = YES;
				ENABLE_NS_ASSERTIONS = NO;
				GCC_C_LANGUAGE_STANDARD = gnu99;
				GCC_WARN_64_TO_32_BIT_CONVERSION = YES;
				GCC_WARN_ABOUT_RETURN_TYPE = YES_ERROR;
				GCC_WARN_UNDECLARED_SELECTOR = YES;
				GCC_WARN_UNINITIALIZED_AUTOS = YES_AGGRESSIVE;
				GCC_WARN_UNUSED_FUNCTION = YES;
				GCC_WARN_UNUSED_VARIABLE = YES;
				HEADER_SEARCH_PATHS = (
					"$(inherited)",
					/Applications/Xcode.app/Contents/Developer/Toolchains/XcodeDefault.xctoolchain/usr/include,
					"../../GPUImage-master/framework/**",
				);
				IPHONEOS_DEPLOYMENT_TARGET = 7.1;
				SDKROOT = iphoneos;
				VALIDATE_PRODUCT = YES;
			};
			name = Release;
		};
		66AEADDC1976D0B900BC34AA /* Debug */ = {
			isa = XCBuildConfiguration;
			buildSettings = {
				ASSETCATALOG_COMPILER_APPICON_NAME = AppIcon;
				ASSETCATALOG_COMPILER_LAUNCHIMAGE_NAME = LaunchImage;
				CODE_SIGN_IDENTITY = "iPhone Developer: Thanh Ho Hai (PNYZ6Z8ML5)";
				FRAMEWORK_SEARCH_PATHS = (
					"$(inherited)",
					"$(PROJECT_DIR)",
				);
				GCC_PRECOMPILE_PREFIX_HEADER = YES;
				GCC_PREFIX_HEADER = "BTCropAndResizeImage/ThucTap_INSTAGRAM-Prefix.pch";
				HEADER_SEARCH_PATHS = (
					"$(inherited)",
					/Applications/Xcode.app/Contents/Developer/Toolchains/XcodeDefault.xctoolchain/usr/include,
					"../../GPUImage-master/framework/**",
					"../GPUImage-master/framework/**",
				);
				INFOPLIST_FILE = "BTCropAndResizeImage/ThucTap_INSTAGRAM-Info.plist";
				IPHONEOS_DEPLOYMENT_TARGET = 6.0;
				OTHER_LDFLAGS = "-ObjC";
				PRODUCT_NAME = ThucTap_INSTAGRAM;
				PROVISIONING_PROFILE = "64CB783E-7586-4793-A75A-2E6FD3456FD6";
				WRAPPER_EXTENSION = app;
			};
			name = Debug;
		};
		66AEADDD1976D0B900BC34AA /* Release */ = {
			isa = XCBuildConfiguration;
			buildSettings = {
				ASSETCATALOG_COMPILER_APPICON_NAME = AppIcon;
				ASSETCATALOG_COMPILER_LAUNCHIMAGE_NAME = LaunchImage;
				FRAMEWORK_SEARCH_PATHS = (
					"$(inherited)",
					"$(PROJECT_DIR)",
				);
				GCC_PRECOMPILE_PREFIX_HEADER = YES;
				GCC_PREFIX_HEADER = "BTCropAndResizeImage/ThucTap_INSTAGRAM-Prefix.pch";
				HEADER_SEARCH_PATHS = (
					"$(inherited)",
					/Applications/Xcode.app/Contents/Developer/Toolchains/XcodeDefault.xctoolchain/usr/include,
					"../../GPUImage-master/framework/**",
					"../GPUImage-master/framework/**",
				);
				INFOPLIST_FILE = "BTCropAndResizeImage/ThucTap_INSTAGRAM-Info.plist";
				IPHONEOS_DEPLOYMENT_TARGET = 6.0;
				OTHER_LDFLAGS = "-ObjC";
				PRODUCT_NAME = ThucTap_INSTAGRAM;
				PROVISIONING_PROFILE = "64CB783E-7586-4793-A75A-2E6FD3456FD6";
				WRAPPER_EXTENSION = app;
			};
			name = Release;
		};
		66AEADDF1976D0B900BC34AA /* Debug */ = {
			isa = XCBuildConfiguration;
			buildSettings = {
				BUNDLE_LOADER = "$(BUILT_PRODUCTS_DIR)/BTCropAndResizeImage.app/BTCropAndResizeImage";
				FRAMEWORK_SEARCH_PATHS = (
					"$(SDKROOT)/Developer/Library/Frameworks",
					"$(inherited)",
					"$(DEVELOPER_FRAMEWORKS_DIR)",
				);
				GCC_PRECOMPILE_PREFIX_HEADER = YES;
				GCC_PREFIX_HEADER = "BTCropAndResizeImage/BTCropAndResizeImage-Prefix.pch";
				GCC_PREPROCESSOR_DEFINITIONS = (
					"DEBUG=1",
					"$(inherited)",
				);
				INFOPLIST_FILE = "BTCropAndResizeImageTests/ThucTap_INSTAGRAMTests-Info.plist";
				PRODUCT_NAME = ThucTap_INSTAGRAMTests;
				TEST_HOST = "$(BUNDLE_LOADER)";
				WRAPPER_EXTENSION = xctest;
			};
			name = Debug;
		};
		66AEADE01976D0B900BC34AA /* Release */ = {
			isa = XCBuildConfiguration;
			buildSettings = {
				BUNDLE_LOADER = "$(BUILT_PRODUCTS_DIR)/BTCropAndResizeImage.app/BTCropAndResizeImage";
				FRAMEWORK_SEARCH_PATHS = (
					"$(SDKROOT)/Developer/Library/Frameworks",
					"$(inherited)",
					"$(DEVELOPER_FRAMEWORKS_DIR)",
				);
				GCC_PRECOMPILE_PREFIX_HEADER = YES;
				GCC_PREFIX_HEADER = "BTCropAndResizeImage/BTCropAndResizeImage-Prefix.pch";
				INFOPLIST_FILE = "BTCropAndResizeImageTests/ThucTap_INSTAGRAMTests-Info.plist";
				PRODUCT_NAME = ThucTap_INSTAGRAMTests;
				TEST_HOST = "$(BUNDLE_LOADER)";
				WRAPPER_EXTENSION = xctest;
			};
			name = Release;
		};
/* End XCBuildConfiguration section */

/* Begin XCConfigurationList section */
		66AEADA41976D0B700BC34AA /* Build configuration list for PBXProject "ThucTap_INSTAGRAM" */ = {
			isa = XCConfigurationList;
			buildConfigurations = (
				66AEADD91976D0B900BC34AA /* Debug */,
				66AEADDA1976D0B900BC34AA /* Release */,
			);
			defaultConfigurationIsVisible = 0;
			defaultConfigurationName = Release;
		};
		66AEADDB1976D0B900BC34AA /* Build configuration list for PBXNativeTarget "ThucTap_INSTAGRAM" */ = {
			isa = XCConfigurationList;
			buildConfigurations = (
				66AEADDC1976D0B900BC34AA /* Debug */,
				66AEADDD1976D0B900BC34AA /* Release */,
			);
			defaultConfigurationIsVisible = 0;
			defaultConfigurationName = Release;
		};
		66AEADDE1976D0B900BC34AA /* Build configuration list for PBXNativeTarget "ThucTap_INSTAGRAMTests" */ = {
			isa = XCConfigurationList;
			buildConfigurations = (
				66AEADDF1976D0B900BC34AA /* Debug */,
				66AEADE01976D0B900BC34AA /* Release */,
			);
			defaultConfigurationIsVisible = 0;
			defaultConfigurationName = Release;
		};
/* End XCConfigurationList section */
	};
	rootObject = 66AEADA11976D0B700BC34AA /* Project object */;
}
